{
  "nodes": {
    "agenix": {
      "inputs": {
        "darwin": "darwin",
        "home-manager": "home-manager",
        "nixpkgs": "nixpkgs",
        "systems": "systems"
      },
      "locked": {
        "lastModified": 1750173260,
        "narHash": "sha256-9P1FziAwl5+3edkfFcr5HeGtQUtrSdk/MksX39GieoA=",
        "owner": "ryantm",
        "repo": "agenix",
        "rev": "531beac616433bac6f9e2a19feb8e99a22a66baf",
        "type": "github"
      },
      "original": {
        "owner": "ryantm",
        "repo": "agenix",
        "type": "github"
      }
    },
    "brew-src": {
      "flake": false,
      "locked": {
        "lastModified": 1751910772,
        "narHash": "sha256-jQNdIkq2iRDNWskd5f8kX6q9BO/CBSXhMH41WNRft8E=",
        "owner": "Homebrew",
        "repo": "brew",
        "rev": "700d67a85e0129ab8a893ff69246943479e33df1",
        "type": "github"
      },
      "original": {
        "owner": "Homebrew",
        "ref": "4.5.9",
        "repo": "brew",
        "type": "github"
      }
    },
    "darwin": {
      "inputs": {
        "nixpkgs": [
          "agenix",
          "nixpkgs"
        ]
      },
      "locked": {
        "lastModified": 1744478979,
        "narHash": "sha256-dyN+teG9G82G+m+PX/aSAagkC+vUv0SgUw3XkPhQodQ=",
        "owner": "lnl7",
        "repo": "nix-darwin",
        "rev": "43975d782b418ebf4969e9ccba82466728c2851b",
        "type": "github"
      },
      "original": {
        "owner": "lnl7",
        "ref": "master",
        "repo": "nix-darwin",
        "type": "github"
      }
    },
    "darwin_2": {
      "inputs": {
        "nixpkgs": [
          "nixpkgs"
        ]
      },
      "locked": {
        "lastModified": 1751313918,
        "narHash": "sha256-HsJM3XLa43WpG+665aGEh8iS8AfEwOIQWk3Mke3e7nk=",
        "owner": "LnL7",
        "repo": "nix-darwin",
        "rev": "e04a388232d9a6ba56967ce5b53a8a6f713cdfcf",
        "type": "github"
      },
      "original": {
        "owner": "LnL7",
        "ref": "master",
        "repo": "nix-darwin",
        "type": "github"
      }
    },
    "disko": {
      "inputs": {
        "nixpkgs": [
          "nixpkgs"
        ]
      },
      "locked": {
        "lastModified": 1752541678,
        "narHash": "sha256-dyhGzkld6jPqnT/UfGV2oqe7tYn7hppAqFvF3GZTyXY=",
        "owner": "nix-community",
        "repo": "disko",
        "rev": "2bf3421f7fed5c84d9392b62dcb9d76ef09796a7",
        "type": "github"
      },
      "original": {
        "owner": "nix-community",
        "repo": "disko",
        "type": "github"
      }
    },
    "earthly-cask": {
      "flake": false,
      "locked": {
        "lastModified": 1720823270,
        "narHash": "sha256-LhWyo+xAbmVZdosEN9rYAq1nK7fN6NCswbfYSwqmBYA=",
        "owner": "earthly",
        "repo": "homebrew-earthly",
        "rev": "608196ab46da2cec1d6bd9fe70b3be4351bd6b6e",
        "type": "github"
      },
      "original": {
        "owner": "earthly",
        "repo": "homebrew-earthly",
        "type": "github"
      }
    },
    "flake-utils": {
      "inputs": {
        "systems": "systems_2"
      },
      "locked": {
        "lastModified": 1681202837,
        "narHash": "sha256-H+Rh19JDwRtpVPAWp64F+rlEtxUWBAQW28eAi3SRSzg=",
        "owner": "numtide",
        "repo": "flake-utils",
        "rev": "cfacdce06f30d2b68473a46042957675eebb3401",
        "type": "github"
      },
      "original": {
        "owner": "numtide",
        "repo": "flake-utils",
        "type": "github"
      }
    },
    "formancehq-cask": {
      "flake": false,
      "locked": {
        "lastModified": 1752140520,
        "narHash": "sha256-k7qZhKxTStws3vxNqyEzGjeuZpMfK8HzqUiU4KRq1Js=",
        "owner": "formancehq",
        "repo": "homebrew-tap",
        "rev": "4aa0d5b10d55ccff849065c0e80e05627b5eb58c",
        "type": "github"
      },
      "original": {
        "owner": "formancehq",
        "repo": "homebrew-tap",
        "type": "github"
      }
    },
    "home-manager": {
      "inputs": {
        "nixpkgs": [
          "agenix",
          "nixpkgs"
        ]
      },
      "locked": {
        "lastModified": 1745494811,
        "narHash": "sha256-YZCh2o9Ua1n9uCvrvi5pRxtuVNml8X2a03qIFfRKpFs=",
        "owner": "nix-community",
        "repo": "home-manager",
        "rev": "abfad3d2958c9e6300a883bd443512c55dfeb1be",
        "type": "github"
      },
      "original": {
        "owner": "nix-community",
        "repo": "home-manager",
        "type": "github"
      }
    },
    "home-manager_2": {
      "inputs": {
        "nixpkgs": "nixpkgs_2"
      },
      "locked": {
        "lastModified": 1752467539,
        "narHash": "sha256-4kaR+xmng9YPASckfvIgl5flF/1nAZOplM+Wp9I5SMI=",
        "owner": "nix-community",
        "repo": "home-manager",
        "rev": "1e54837569e0b80797c47be4720fab19e0db1616",
        "type": "github"
      },
      "original": {
        "owner": "nix-community",
        "repo": "home-manager",
        "type": "github"
      }
    },
    "homebrew-cask": {
      "flake": false,
      "locked": {
        "lastModified": 1752563725,
        "narHash": "sha256-mXt3uls9wpEwRLc8lmOfxSH0jVkzt4UxxIeKOtWxoHE=",
        "owner": "homebrew",
        "repo": "homebrew-cask",
        "rev": "0891dc9a9e03d21c74798d58fcd442f590a3e633",
        "type": "github"
      },
      "original": {
        "owner": "homebrew",
        "repo": "homebrew-cask",
        "type": "github"
      }
    },
    "homebrew-core": {
      "flake": false,
      "locked": {
        "lastModified": 1752562388,
        "narHash": "sha256-TXxpu9o5BXfjkwA4yxalTMvZL/Y/H/duumUWqgiFjro=",
        "owner": "homebrew",
        "repo": "homebrew-core",
        "rev": "ae1ce3cf944d47df671cf5325a6b4cbc828a515b",
        "type": "github"
      },
      "original": {
        "owner": "homebrew",
        "repo": "homebrew-core",
        "type": "github"
      }
    },
    "koyeb-cask": {
      "flake": false,
      "locked": {
        "lastModified": 1748353932,
        "narHash": "sha256-vSGXqiff8rSeCAi7dOWbzO8tHMPSggBkZVxiKZMAMM8=",
        "owner": "koyeb",
        "repo": "homebrew-tap",
        "rev": "d0f2dea9403852c6bd25ea0c7f24ae2175a96eb0",
        "type": "github"
      },
      "original": {
        "owner": "koyeb",
        "repo": "homebrew-tap",
        "type": "github"
      }
    },
    "loftsh-cask": {
      "flake": false,
      "locked": {
        "lastModified": 1752524797,
        "narHash": "sha256-X+uwthhJxhxgrCZWDgnHkV1WYpCll7m73uWVNNJUFWA=",
        "owner": "loft-sh",
        "repo": "homebrew-tap",
        "rev": "c75b3592827a59a48645193b6570b9613dc3c9c9",
        "type": "github"
      },
      "original": {
        "owner": "loft-sh",
        "repo": "homebrew-tap",
        "type": "github"
      }
    },
    "nix-homebrew": {
      "inputs": {
        "brew-src": "brew-src"
      },
      "locked": {
        "lastModified": 1752160973,
        "narHash": "sha256-BCC8KB7TEtwv7vZN1WDu870tRbXtzUcmF9xNr6ws5Wc=",
        "owner": "zhaofengli-wip",
        "repo": "nix-homebrew",
        "rev": "69c1aa2f136f3c3326d9b6770e0eb54f12832971",
        "type": "github"
      },
      "original": {
        "owner": "zhaofengli-wip",
        "repo": "nix-homebrew",
        "type": "github"
      }
    },
    "nixpkgs": {
      "locked": {
        "lastModified": 1745391562,
        "narHash": "sha256-sPwcCYuiEopaafePqlG826tBhctuJsLx/mhKKM5Fmjo=",
        "owner": "NixOS",
        "repo": "nixpkgs",
        "rev": "8a2f738d9d1f1d986b5a4cd2fd2061a7127237d7",
        "type": "github"
      },
      "original": {
        "owner": "NixOS",
        "ref": "nixos-unstable",
        "repo": "nixpkgs",
        "type": "github"
      }
    },
    "nixpkgs_2": {
      "locked": {
        "lastModified": 1751792365,
        "narHash": "sha256-J1kI6oAj25IG4EdVlg2hQz8NZTBNYvIS0l4wpr9KcUo=",
        "owner": "NixOS",
        "repo": "nixpkgs",
        "rev": "1fd8bada0b6117e6c7eb54aad5813023eed37ccb",
        "type": "github"
      },
      "original": {
        "owner": "NixOS",
        "ref": "nixos-unstable",
        "repo": "nixpkgs",
        "type": "github"
      }
    },
    "nixpkgs_3": {
      "locked": {
        "lastModified": 1752563199,
        "narHash": "sha256-A7VrVhY7pseUJfA4Rz0+znMrvvWZHjorInC2VeoeqBQ=",
        "owner": "nixos",
        "repo": "nixpkgs",
        "rev": "dd0069ff43978f4dd69220826c290f4fdda4a5b5",
        "type": "github"
      },
      "original": {
        "owner": "nixos",
        "ref": "master",
        "repo": "nixpkgs",
        "type": "github"
      }
    },
    "nixpkgs_4": {
      "locked": {
        "lastModified": 1682134069,
        "narHash": "sha256-TnI/ZXSmRxQDt2sjRYK/8j8iha4B4zP2cnQCZZ3vp7k=",
        "owner": "NixOS",
        "repo": "nixpkgs",
        "rev": "fd901ef4bf93499374c5af385b2943f5801c0833",
        "type": "github"
      },
      "original": {
        "id": "nixpkgs",
        "type": "indirect"
      }
    },
    "root": {
      "inputs": {
        "agenix": "agenix",
        "darwin": "darwin_2",
        "disko": "disko",
        "earthly-cask": "earthly-cask",
        "formancehq-cask": "formancehq-cask",
        "home-manager": "home-manager_2",
        "homebrew-cask": "homebrew-cask",
        "homebrew-core": "homebrew-core",
        "koyeb-cask": "koyeb-cask",
        "loftsh-cask": "loftsh-cask",
        "nix-homebrew": "nix-homebrew",
        "nixpkgs": "nixpkgs_3",
        "speakeasy-cask": "speakeasy-cask",
        "temporal-cask": "temporal-cask",
        "vscode-server": "vscode-server"
      }
    },
    "speakeasy-cask": {
      "flake": false,
      "locked": {
        "lastModified": 1752514381,
        "narHash": "sha256-3wE9TfuIVWWhVX0Qp1zzgPPamRin1SZOFDPNbR4TEC0=",
        "owner": "speakeasy-api",
        "repo": "homebrew-tap",
        "rev": "c9a335433b65a8e40374aab11ec26d9cc7a29d2f",
        "type": "github"
      },
      "original": {
        "owner": "speakeasy-api",
        "repo": "homebrew-tap",
        "type": "github"
      }
    },
    "systems": {
      "locked": {
        "lastModified": 1681028828,
        "narHash": "sha256-Vy1rq5AaRuLzOxct8nz4T6wlgyUR7zLU309k9mBC768=",
        "owner": "nix-systems",
        "repo": "default",
        "rev": "da67096a3b9bf56a91d16901293e51ba5b49a27e",
        "type": "github"
      },
      "original": {
        "owner": "nix-systems",
        "repo": "default",
        "type": "github"
      }
    },
    "systems_2": {
      "locked": {
        "lastModified": 1681028828,
        "narHash": "sha256-Vy1rq5AaRuLzOxct8nz4T6wlgyUR7zLU309k9mBC768=",
        "owner": "nix-systems",
        "repo": "default",
        "rev": "da67096a3b9bf56a91d16901293e51ba5b49a27e",
        "type": "github"
      },
      "original": {
        "owner": "nix-systems",
        "repo": "default",
        "type": "github"
      }
    },
    "temporal-cask": {
      "flake": false,
      "locked": {
        "lastModified": 1752270467,
        "narHash": "sha256-byoQRYIO4xN4WKRImmipvPeWNuXE0od9zTLf82WOKio=",
        "owner": "temporalio",
        "repo": "homebrew-brew",
        "rev": "2bdca9d584707902936980a40c8d5884850513b0",
        "type": "github"
      },
      "original": {
        "owner": "temporalio",
        "repo": "homebrew-brew",
        "type": "github"
      }
    },
    "vscode-server": {
      "inputs": {
        "flake-utils": "flake-utils",
        "nixpkgs": "nixpkgs_4"
      },
      "locked": {
        "lastModified": 1750353031,
        "narHash": "sha256-Bx7DOPLhkr8Z60U9Qw4l0OidzHoqLDKQH5rDV5ef59A=",
        "owner": "nix-community",
        "repo": "nixos-vscode-server",
        "rev": "4ec4859b12129c0436b0a471ed1ea6dd8a317993",
        "type": "github"
      },
      "original": {
        "owner": "nix-community",
        "repo": "nixos-vscode-server",
        "type": "github"
      }
    }
  },
  "root": "root",
  "version": 7
}
