{
  "nodes": {
    "agenix": {
      "inputs": {
        "darwin": "darwin",
        "home-manager": "home-manager",
        "nixpkgs": "nixpkgs",
        "systems": "systems"
      },
      "locked": {
        "lastModified": 1762618334,
        "narHash": "sha256-wyT7Pl6tMFbFrs8Lk/TlEs81N6L+VSybPfiIgzU8lbQ=",
        "owner": "ryantm",
        "repo": "agenix",
        "rev": "fcdea223397448d35d9b31f798479227e80183f6",
        "type": "github"
      },
      "original": {
        "owner": "ryantm",
        "repo": "agenix",
        "type": "github"
      }
    },
    "brew-src": {
      "flake": false,
      "locked": {
        "lastModified": 1761551821,
        "narHash": "sha256-N3Zj73TAxclhLGgADbPVwcVrhYIBKUgAxjfQuOXre6s=",
        "owner": "Homebrew",
        "repo": "brew",
        "rev": "8f6719274133c5bcc24c058c5a6bcbb3b0cd48b3",
        "type": "github"
      },
      "original": {
        "owner": "Homebrew",
        "ref": "4.6.19",
        "repo": "brew",
        "type": "github"
      }
    },
    "charmbracelet-cask": {
      "flake": false,
      "locked": {
        "lastModified": 1763063791,
        "narHash": "sha256-Eu/pQOofq1ks5UQwJExoyjO6pKfJwQaQVUIrLYuQJFw=",
        "owner": "charmbracelet",
        "repo": "homebrew-tap",
        "rev": "3dc257d294ea5362a9ef76113d6e29a5330cb69e",
        "type": "github"
      },
      "original": {
        "owner": "charmbracelet",
        "repo": "homebrew-tap",
        "type": "github"
      }
    },
    "darksworm-cask": {
      "flake": false,
      "locked": {
        "lastModified": 1763110174,
        "narHash": "sha256-1lpIWQ5RvcAoGx23oyNiHlHgIo6TRP0nIRep+EzwvlA=",
        "owner": "darksworm",
        "repo": "homebrew-tap",
        "rev": "8341bb6444b76bf9da7b49ed5b27242381da3d8a",
        "type": "github"
      },
      "original": {
        "owner": "darksworm",
        "repo": "homebrew-tap",
        "type": "github"
      }
    },
    "darwin": {
      "inputs": {
        "nixpkgs": [
          "agenix",
          "nixpkgs"
        ]
      },
      "locked": {
        "lastModified": 1744478979,
        "narHash": "sha256-dyN+teG9G82G+m+PX/aSAagkC+vUv0SgUw3XkPhQodQ=",
        "owner": "lnl7",
        "repo": "nix-darwin",
        "rev": "43975d782b418ebf4969e9ccba82466728c2851b",
        "type": "github"
      },
      "original": {
        "owner": "lnl7",
        "ref": "master",
        "repo": "nix-darwin",
        "type": "github"
      }
    },
    "darwin_2": {
      "inputs": {
        "nixpkgs": [
          "nixpkgs"
        ]
      },
      "locked": {
        "lastModified": 1763136804,
        "narHash": "sha256-6p2ljK42s0S8zS0UU59EsEqupz0GVCaBYRylpUadeBM=",
        "owner": "LnL7",
        "repo": "nix-darwin",
        "rev": "973db96394513fd90270ea5a1211a82a4a0ba47f",
        "type": "github"
      },
      "original": {
        "owner": "LnL7",
        "ref": "master",
        "repo": "nix-darwin",
        "type": "github"
      }
    },
    "disko": {
      "inputs": {
        "nixpkgs": [
          "nixpkgs"
        ]
      },
      "locked": {
        "lastModified": 1762276996,
        "narHash": "sha256-TtcPgPmp2f0FAnc+DMEw4ardEgv1SGNR3/WFGH0N19M=",
        "owner": "nix-community",
        "repo": "disko",
        "rev": "af087d076d3860760b3323f6b583f4d828c1ac17",
        "type": "github"
      },
      "original": {
        "owner": "nix-community",
        "repo": "disko",
        "type": "github"
      }
    },
    "earthly-cask": {
      "flake": false,
      "locked": {
        "lastModified": 1752692703,
        "narHash": "sha256-aJSdns2BzPc+Qd4JMY2eWg2oBLW7JvKdT9JMkON5NZY=",
        "owner": "earthly",
        "repo": "homebrew-earthly",
        "rev": "58a2faa11006de4564766e12c9b8671fd3705a89",
        "type": "github"
      },
      "original": {
        "owner": "earthly",
        "repo": "homebrew-earthly",
        "type": "github"
      }
    },
    "flake-utils": {
      "inputs": {
        "systems": "systems_2"
      },
      "locked": {
        "lastModified": 1681202837,
        "narHash": "sha256-H+Rh19JDwRtpVPAWp64F+rlEtxUWBAQW28eAi3SRSzg=",
        "owner": "numtide",
        "repo": "flake-utils",
        "rev": "cfacdce06f30d2b68473a46042957675eebb3401",
        "type": "github"
      },
      "original": {
        "owner": "numtide",
        "repo": "flake-utils",
        "type": "github"
      }
    },
    "formancehq-cask": {
      "flake": false,
      "locked": {
        "lastModified": 1762770525,
        "narHash": "sha256-mJcO0XlTD1vqPEyrUMLRpoFfxth7XoBXM6mynE6dfAA=",
        "owner": "formancehq",
        "repo": "homebrew-tap",
        "rev": "782547bf1dd7b377a6f9cda5ec58839d5381bf5f",
        "type": "github"
      },
      "original": {
        "owner": "formancehq",
        "repo": "homebrew-tap",
        "type": "github"
      }
    },
    "home-manager": {
      "inputs": {
        "nixpkgs": [
          "agenix",
          "nixpkgs"
        ]
      },
      "locked": {
        "lastModified": 1745494811,
        "narHash": "sha256-YZCh2o9Ua1n9uCvrvi5pRxtuVNml8X2a03qIFfRKpFs=",
        "owner": "nix-community",
        "repo": "home-manager",
        "rev": "abfad3d2958c9e6300a883bd443512c55dfeb1be",
        "type": "github"
      },
      "original": {
        "owner": "nix-community",
        "repo": "home-manager",
        "type": "github"
      }
    },
    "home-manager_2": {
      "inputs": {
        "nixpkgs": "nixpkgs_2"
      },
      "locked": {
        "lastModified": 1763228015,
        "narHash": "sha256-1rYieMVUyZ3kK/cBIr8mOusxrOEJ1/+2MsOg0oJ7b3A=",
        "owner": "nix-community",
        "repo": "home-manager",
        "rev": "96156a9e86281c4bfc451236bc2ddfe4317e6f39",
        "type": "github"
      },
      "original": {
        "owner": "nix-community",
        "repo": "home-manager",
        "type": "github"
      }
    },
    "homebrew-cask": {
      "flake": false,
      "locked": {
        "lastModified": 1763111171,
        "narHash": "sha256-iNJdNQZ+TSoDaNi+xdfv8qCrpVg0ozRB49ULoRenM+E=",
        "owner": "homebrew",
        "repo": "homebrew-cask",
        "rev": "4637d3751f22d6376daaa44ce64e4de1734f8af9",
        "type": "github"
      },
      "original": {
        "owner": "homebrew",
        "repo": "homebrew-cask",
        "type": "github"
      }
    },
    "homebrew-core": {
      "flake": false,
      "locked": {
        "lastModified": 1763111841,
        "narHash": "sha256-Pl3ps4nU3mj9uPRbzqhrKQxLbt5G4z91dZjrEpmBNQY=",
        "owner": "homebrew",
        "repo": "homebrew-core",
        "rev": "5283be57c6f851fd98592ea0c58a247084e4f279",
        "type": "github"
      },
      "original": {
        "owner": "homebrew",
        "repo": "homebrew-core",
        "type": "github"
      }
    },
    "koyeb-cask": {
      "flake": false,
      "locked": {
        "lastModified": 1752847490,
        "narHash": "sha256-F6yiBhNSd9UWf/b+Ouu3gwq8LoF1V0QO+hldL3ZlhiY=",
        "owner": "koyeb",
        "repo": "homebrew-tap",
        "rev": "cb63a1a3249141fdba9b5810f40329156b6cf0ff",
        "type": "github"
      },
      "original": {
        "owner": "koyeb",
        "repo": "homebrew-tap",
        "type": "github"
      }
    },
    "loftsh-cask": {
      "flake": false,
      "locked": {
        "lastModified": 1762892688,
        "narHash": "sha256-bsVY73WNtOIvvPPcIeqWYw0LWzc4av72ucwiY1wZydY=",
        "owner": "loft-sh",
        "repo": "homebrew-tap",
        "rev": "595215d44ab9854d498d4dd64fb643ae88361cf2",
        "type": "github"
      },
      "original": {
        "owner": "loft-sh",
        "repo": "homebrew-tap",
        "type": "github"
      }
    },
    "nix-homebrew": {
      "inputs": {
        "brew-src": "brew-src"
      },
      "locked": {
        "lastModified": 1761927470,
        "narHash": "sha256-KsFDGRGD8j1R6TvJ4HkebKsh3HXLY0XazanLrhO3wqE=",
        "owner": "zhaofengli-wip",
        "repo": "nix-homebrew",
        "rev": "3cae36b3a17b09a66435291619dce8cf2c4728ca",
        "type": "github"
      },
      "original": {
        "owner": "zhaofengli-wip",
        "repo": "nix-homebrew",
        "type": "github"
      }
    },
    "nixpkgs": {
      "locked": {
        "lastModified": 1754028485,
        "narHash": "sha256-IiiXB3BDTi6UqzAZcf2S797hWEPCRZOwyNThJIYhUfk=",
        "owner": "NixOS",
        "repo": "nixpkgs",
        "rev": "59e69648d345d6e8fef86158c555730fa12af9de",
        "type": "github"
      },
      "original": {
        "owner": "NixOS",
        "ref": "nixos-25.05",
        "repo": "nixpkgs",
        "type": "github"
      }
    },
    "nixpkgs_2": {
      "locked": {
        "lastModified": 1762111121,
        "narHash": "sha256-4vhDuZ7OZaZmKKrnDpxLZZpGIJvAeMtK6FKLJYUtAdw=",
        "owner": "NixOS",
        "repo": "nixpkgs",
        "rev": "b3d51a0365f6695e7dd5cdf3e180604530ed33b4",
        "type": "github"
      },
      "original": {
        "owner": "NixOS",
        "ref": "nixos-unstable",
        "repo": "nixpkgs",
        "type": "github"
      }
    },
    "nixpkgs_3": {
      "locked": {
        "lastModified": 1763113979,
        "narHash": "sha256-/WC/xSKEbStwpuhx83rShHIdBAqE22Roi9h7R4J8HFY=",
        "owner": "nixos",
        "repo": "nixpkgs",
        "rev": "b690ee764d2490dce0cbbd51fe305b50db9fdc26",
        "type": "github"
      },
      "original": {
        "owner": "nixos",
        "ref": "master",
        "repo": "nixpkgs",
        "type": "github"
      }
    },
    "nixpkgs_4": {
      "locked": {
        "lastModified": 1682134069,
        "narHash": "sha256-TnI/ZXSmRxQDt2sjRYK/8j8iha4B4zP2cnQCZZ3vp7k=",
        "owner": "NixOS",
        "repo": "nixpkgs",
        "rev": "fd901ef4bf93499374c5af385b2943f5801c0833",
        "type": "github"
      },
      "original": {
        "id": "nixpkgs",
        "type": "indirect"
      }
    },
    "root": {
      "inputs": {
        "agenix": "agenix",
        "charmbracelet-cask": "charmbracelet-cask",
        "darksworm-cask": "darksworm-cask",
        "darwin": "darwin_2",
        "disko": "disko",
        "earthly-cask": "earthly-cask",
        "formancehq-cask": "formancehq-cask",
        "home-manager": "home-manager_2",
        "homebrew-cask": "homebrew-cask",
        "homebrew-core": "homebrew-core",
        "koyeb-cask": "koyeb-cask",
        "loftsh-cask": "loftsh-cask",
        "nix-homebrew": "nix-homebrew",
        "nixpkgs": "nixpkgs_3",
        "speakeasy-cask": "speakeasy-cask",
        "temporal-cask": "temporal-cask",
        "vscode-server": "vscode-server"
      }
    },
    "speakeasy-cask": {
      "flake": false,
      "locked": {
        "lastModified": 1763048318,
        "narHash": "sha256-PfgORnSOWD+3NwqhCKcRGC6Eo4ZG/fjG8Z2b4Pf+Fj0=",
        "owner": "speakeasy-api",
        "repo": "homebrew-tap",
        "rev": "239d0534ac09355689827e9665977e69cf4fb01d",
        "type": "github"
      },
      "original": {
        "owner": "speakeasy-api",
        "repo": "homebrew-tap",
        "type": "github"
      }
    },
    "systems": {
      "locked": {
        "lastModified": 1681028828,
        "narHash": "sha256-Vy1rq5AaRuLzOxct8nz4T6wlgyUR7zLU309k9mBC768=",
        "owner": "nix-systems",
        "repo": "default",
        "rev": "da67096a3b9bf56a91d16901293e51ba5b49a27e",
        "type": "github"
      },
      "original": {
        "owner": "nix-systems",
        "repo": "default",
        "type": "github"
      }
    },
    "systems_2": {
      "locked": {
        "lastModified": 1681028828,
        "narHash": "sha256-Vy1rq5AaRuLzOxct8nz4T6wlgyUR7zLU309k9mBC768=",
        "owner": "nix-systems",
        "repo": "default",
        "rev": "da67096a3b9bf56a91d16901293e51ba5b49a27e",
        "type": "github"
      },
      "original": {
        "owner": "nix-systems",
        "repo": "default",
        "type": "github"
      }
    },
    "temporal-cask": {
      "flake": false,
      "locked": {
        "lastModified": 1761777355,
        "narHash": "sha256-/gGRQh2vTEobARbnuCu+6QXa6B5LEWczrwYHKg0ICYU=",
        "owner": "temporalio",
        "repo": "homebrew-brew",
        "rev": "22d13184007ad780b2d0f5a53a750d6b17b7faf0",
        "type": "github"
      },
      "original": {
        "owner": "temporalio",
        "repo": "homebrew-brew",
        "type": "github"
      }
    },
    "vscode-server": {
      "inputs": {
        "flake-utils": "flake-utils",
        "nixpkgs": "nixpkgs_4"
      },
      "locked": {
        "lastModified": 1753541826,
        "narHash": "sha256-foGgZu8+bCNIGeuDqQ84jNbmKZpd+JvnrL2WlyU4tuU=",
        "owner": "nix-community",
        "repo": "nixos-vscode-server",
        "rev": "6d5f074e4811d143d44169ba4af09b20ddb6937d",
        "type": "github"
      },
      "original": {
        "owner": "nix-community",
        "repo": "nixos-vscode-server",
        "type": "github"
      }
    }
  },
  "root": "root",
  "version": 7
}
